
Microsoft Visual Studio Solution File, Format Version 12.00
# Visual Studio Version 17
VisualStudioVersion = 17.4.33213.308
MinimumVisualStudioVersion = 10.0.40219.1
Project("{2150E333-8FDC-42A3-9474-1A3956D46DE8}") = "Core", "Core", "{4B985323-D29C-4B17-9566-76ECAEA9DE38}"
EndProject
Project("{FAE04EC0-301F-11D3-BF4B-00C04F79EFBC}") = "Domain", "Core\Domain\Domain.csproj", "{DEBB8D3E-A3E3-45D8-9F55-8157BF6BC4D6}"
EndProject
Project("{FAE04EC0-301F-11D3-BF4B-00C04F79EFBC}") = "Application", "Core\Application\Application.csproj", "{45D6EB5E-7911-4844-B198-DC0E24FACD4D}"
EndProject
Project("{2150E333-8FDC-42A3-9474-1A3956D46DE8}") = "Infrastructure", "Infrastructure", "{EFD66511-BF2B-4595-8F90-8FC5B9CC8069}"
EndProject
Project("{FAE04EC0-301F-11D3-BF4B-00C04F79EFBC}") = "Infrastructure", "Infrastructure\Infrastructure\Infrastructure.csproj", "{267F0799-595F-4902-84AA-79C37173B9F0}"
EndProject
Project("{FAE04EC0-301F-11D3-BF4B-00C04F79EFBC}") = "Persistence", "Infrastructure\Persistence\Persistence.csproj", "{836FFC27-A0F6-4D3B-8C39-A6BC1B9FF24B}"
EndProject
Project("{2150E333-8FDC-42A3-9474-1A3956D46DE8}") = "Presentation", "Presentation", "{B786FDCC-4454-43FF-A4D3-B2E6E84D2808}"
EndProject
Project("{FAE04EC0-301F-11D3-BF4B-00C04F79EFBC}") = "API", "Presentation\API\API.csproj", "{D69FC275-6AA0-453C-87F9-417CEB9A3A2D}"
EndProject
Global
	GlobalSection(SolutionConfigurationPlatforms) = preSolution
		Debug|Any CPU = Debug|Any CPU
		Release|Any CPU = Release|Any CPU
	EndGlobalSection
	GlobalSection(ProjectConfigurationPlatforms) = postSolution
		{DEBB8D3E-A3E3-45D8-9F55-8157BF6BC4D6}.Debug|Any CPU.ActiveCfg = Debug|Any CPU
		{DEBB8D3E-A3E3-45D8-9F55-8157BF6BC4D6}.Debug|Any CPU.Build.0 = Debug|Any CPU
		{DEBB8D3E-A3E3-45D8-9F55-8157BF6BC4D6}.Release|Any CPU.ActiveCfg = Release|Any CPU
		{DEBB8D3E-A3E3-45D8-9F55-8157BF6BC4D6}.Release|Any CPU.Build.0 = Release|Any CPU
		{45D6EB5E-7911-4844-B198-DC0E24FACD4D}.Debug|Any CPU.ActiveCfg = Debug|Any CPU
		{45D6EB5E-7911-4844-B198-DC0E24FACD4D}.Debug|Any CPU.Build.0 = Debug|Any CPU
		{45D6EB5E-7911-4844-B198-DC0E24FACD4D}.Release|Any CPU.ActiveCfg = Release|Any CPU
		{45D6EB5E-7911-4844-B198-DC0E24FACD4D}.Release|Any CPU.Build.0 = Release|Any CPU
		{267F0799-595F-4902-84AA-79C37173B9F0}.Debug|Any CPU.ActiveCfg = Debug|Any CPU
		{267F0799-595F-4902-84AA-79C37173B9F0}.Debug|Any CPU.Build.0 = Debug|Any CPU
		{267F0799-595F-4902-84AA-79C37173B9F0}.Release|Any CPU.ActiveCfg = Release|Any CPU
		{267F0799-595F-4902-84AA-79C37173B9F0}.Release|Any CPU.Build.0 = Release|Any CPU
		{836FFC27-A0F6-4D3B-8C39-A6BC1B9FF24B}.Debug|Any CPU.ActiveCfg = Debug|Any CPU
		{836FFC27-A0F6-4D3B-8C39-A6BC1B9FF24B}.Debug|Any CPU.Build.0 = Debug|Any CPU
		{836FFC27-A0F6-4D3B-8C39-A6BC1B9FF24B}.Release|Any CPU.ActiveCfg = Release|Any CPU
		{836FFC27-A0F6-4D3B-8C39-A6BC1B9FF24B}.Release|Any CPU.Build.0 = Release|Any CPU
		{D69FC275-6AA0-453C-87F9-417CEB9A3A2D}.Debug|Any CPU.ActiveCfg = Debug|Any CPU
		{D69FC275-6AA0-453C-87F9-417CEB9A3A2D}.Debug|Any CPU.Build.0 = Debug|Any CPU
		{D69FC275-6AA0-453C-87F9-417CEB9A3A2D}.Release|Any CPU.ActiveCfg = Release|Any CPU
		{D69FC275-6AA0-453C-87F9-417CEB9A3A2D}.Release|Any CPU.Build.0 = Release|Any CPU
	EndGlobalSection
	GlobalSection(SolutionProperties) = preSolution
		HideSolutionNode = FALSE
	EndGlobalSection
	GlobalSection(NestedProjects) = preSolution
		{DEBB8D3E-A3E3-45D8-9F55-8157BF6BC4D6} = {4B985323-D29C-4B17-9566-76ECAEA9DE38}
		{45D6EB5E-7911-4844-B198-DC0E24FACD4D} = {4B985323-D29C-4B17-9566-76ECAEA9DE38}
		{267F0799-595F-4902-84AA-79C37173B9F0} = {EFD66511-BF2B-4595-8F90-8FC5B9CC8069}
		{836FFC27-A0F6-4D3B-8C39-A6BC1B9FF24B} = {EFD66511-BF2B-4595-8F90-8FC5B9CC8069}
		{D69FC275-6AA0-453C-87F9-417CEB9A3A2D} = {B786FDCC-4454-43FF-A4D3-B2E6E84D2808}
	EndGlobalSection
	GlobalSection(ExtensibilityGlobals) = postSolution
		SolutionGuid = {BDED558D-14AC-4F2A-A3B7-F1908CF0A138}
	EndGlobalSection
EndGlobal
